
Microsoft Visual Studio Solution File, Format Version 12.00
# Visual Studio 15
VisualStudioVersion = 15.0.27428.2015
MinimumVisualStudioVersion = 10.0.40219.1
Project("{FAE04EC0-301F-11D3-BF4B-00C04F79EFBC}") = "Alexa", "Alexa.csproj", "{C087306D-E609-4EA4-AA73-7F6D2720C0D7}"
EndProject
Global
	GlobalSection(SolutionConfigurationPlatforms) = preSolution
		Debug|Any CPU = Debug|Any CPU
		Release|Any CPU = Release|Any CPU
	EndGlobalSection
	GlobalSection(ProjectConfigurationPlatforms) = postSolution
		{C087306D-E609-4EA4-AA73-7F6D2720C0D7}.Debug|Any CPU.ActiveCfg = Debug|Any CPU
		{C087306D-E609-4EA4-AA73-7F6D2720C0D7}.Debug|Any CPU.Build.0 = Debug|Any CPU
		{C087306D-E609-4EA4-AA73-7F6D2720C0D7}.Release|Any CPU.ActiveCfg = Release|Any CPU
		{C087306D-E609-4EA4-AA73-7F6D2720C0D7}.Release|Any CPU.Build.0 = Release|Any CPU
	EndGlobalSection
	GlobalSection(SolutionProperties) = preSolution
		HideSolutionNode = FALSE
	EndGlobalSection
	GlobalSection(ExtensibilityGlobals) = postSolution
		SolutionGuid = {B873EF2B-426E-4316-AB70-BF991AFBB45B}
	EndGlobalSection
EndGlobal
